// !$*UTF8*$!
{
	archiveVersion = 1;
	classes = {
	};
	objectVersion = 55;
	objects = {

/* Begin PBXBuildFile section */
		9A35BDB8F388B06AB0DE6F03 /* Pods_SourceDemoTests.framework in Frameworks */ = {isa = PBXBuildFile; fileRef = DBE0B310040EA475762F87BB /* Pods_SourceDemoTests.framework */; };
		B3307325C76969C3AF2B598D /* Pods_SourceDemo_SourceDemoUITests.framework in Frameworks */ = {isa = PBXBuildFile; fileRef = 138F1A1AC6233901CE1EC636 /* Pods_SourceDemo_SourceDemoUITests.framework */; };
		C12922819891F55E6FE6B24A /* Pods_SourceDemo.framework in Frameworks */ = {isa = PBXBuildFile; fileRef = C6B0CE7F1E2AB20FC279D8E5 /* Pods_SourceDemo.framework */; };
		D98C0E632769D7CB003D448B /* AppDelegate.m in Sources */ = {isa = PBXBuildFile; fileRef = D98C0E622769D7CB003D448B /* AppDelegate.m */; };
		D98C0E662769D7CB003D448B /* SceneDelegate.m in Sources */ = {isa = PBXBuildFile; fileRef = D98C0E652769D7CB003D448B /* SceneDelegate.m */; };
		D98C0E692769D7CB003D448B /* ViewController.m in Sources */ = {isa = PBXBuildFile; fileRef = D98C0E682769D7CB003D448B /* ViewController.m */; };
		D98C0E6C2769D7CB003D448B /* Main.storyboard in Resources */ = {isa = PBXBuildFile; fileRef = D98C0E6A2769D7CB003D448B /* Main.storyboard */; };
		D98C0E6E2769D7CD003D448B /* Assets.xcassets in Resources */ = {isa = PBXBuildFile; fileRef = D98C0E6D2769D7CD003D448B /* Assets.xcassets */; };
		D98C0E712769D7CD003D448B /* LaunchScreen.storyboard in Resources */ = {isa = PBXBuildFile; fileRef = D98C0E6F2769D7CD003D448B /* LaunchScreen.storyboard */; };
		D98C0E742769D7CD003D448B /* main.m in Sources */ = {isa = PBXBuildFile; fileRef = D98C0E732769D7CD003D448B /* main.m */; };
		D98C0E7E2769D7CE003D448B /* SourceDemoTests.m in Sources */ = {isa = PBXBuildFile; fileRef = D98C0E7D2769D7CE003D448B /* SourceDemoTests.m */; };
		D98C0E882769D7CE003D448B /* SourceDemoUITests.m in Sources */ = {isa = PBXBuildFile; fileRef = D98C0E872769D7CE003D448B /* SourceDemoUITests.m */; };
		D98C0E8A2769D7CE003D448B /* SourceDemoUITestsLaunchTests.m in Sources */ = {isa = PBXBuildFile; fileRef = D98C0E892769D7CE003D448B /* SourceDemoUITestsLaunchTests.m */; };
		D98C0EBB2769D8C9003D448B /* NetWork_USEER.framework in Frameworks */ = {isa = PBXBuildFile; fileRef = D98C0EBA2769D8C9003D448B /* NetWork_USEER.framework */; };
		D98C0EBC2769D8C9003D448B /* NetWork_USEER.framework in Embed Frameworks */ = {isa = PBXBuildFile; fileRef = D98C0EBA2769D8C9003D448B /* NetWork_USEER.framework */; settings = {ATTRIBUTES = (CodeSignOnCopy, RemoveHeadersOnCopy, ); }; };
/* End PBXBuildFile section */

/* Begin PBXContainerItemProxy section */
		D98C0E7A2769D7CE003D448B /* PBXContainerItemProxy */ = {
			isa = PBXContainerItemProxy;
			containerPortal = D98C0E562769D7CA003D448B /* Project object */;
			proxyType = 1;
			remoteGlobalIDString = D98C0E5D2769D7CA003D448B;
			remoteInfo = SourceDemo;
		};
		D98C0E842769D7CE003D448B /* PBXContainerItemProxy */ = {
			isa = PBXContainerItemProxy;
			containerPortal = D98C0E562769D7CA003D448B /* Project object */;
			proxyType = 1;
			remoteGlobalIDString = D98C0E5D2769D7CA003D448B;
			remoteInfo = SourceDemo;
		};
/* End PBXContainerItemProxy section */

/* Begin PBXCopyFilesBuildPhase section */
		D98C0EBD2769D8C9003D448B /* Embed Frameworks */ = {
			isa = PBXCopyFilesBuildPhase;
			buildActionMask = 2147483647;
			dstPath = "";
			dstSubfolderSpec = 10;
			files = (
				D98C0EBC2769D8C9003D448B /* NetWork_USEER.framework in Embed Frameworks */,
			);
			name = "Embed Frameworks";
			runOnlyForDeploymentPostprocessing = 0;
		};
/* End PBXCopyFilesBuildPhase section */

/* Begin PBXFileReference section */
		138F1A1AC6233901CE1EC636 /* Pods_SourceDemo_SourceDemoUITests.framework */ = {isa = PBXFileReference; explicitFileType = wrapper.framework; includeInIndex = 0; path = Pods_SourceDemo_SourceDemoUITests.framework; sourceTree = BUILT_PRODUCTS_DIR; };
		388DDBF53C5313FFEC38772B /* Pods-SourceDemoTests.release.xcconfig */ = {isa = PBXFileReference; includeInIndex = 1; lastKnownFileType = text.xcconfig; name = "Pods-SourceDemoTests.release.xcconfig"; path = "Target Support Files/Pods-SourceDemoTests/Pods-SourceDemoTests.release.xcconfig"; sourceTree = "<group>"; };
		4456959106B8AF2D4C91D577 /* Pods-SourceDemoTests.debug.xcconfig */ = {isa = PBXFileReference; includeInIndex = 1; lastKnownFileType = text.xcconfig; name = "Pods-SourceDemoTests.debug.xcconfig"; path = "Target Support Files/Pods-SourceDemoTests/Pods-SourceDemoTests.debug.xcconfig"; sourceTree = "<group>"; };
		B5F9F0B7B91908035E43C55B /* Pods-SourceDemo-SourceDemoUITests.debug.xcconfig */ = {isa = PBXFileReference; includeInIndex = 1; lastKnownFileType = text.xcconfig; name = "Pods-SourceDemo-SourceDemoUITests.debug.xcconfig"; path = "Target Support Files/Pods-SourceDemo-SourceDemoUITests/Pods-SourceDemo-SourceDemoUITests.debug.xcconfig"; sourceTree = "<group>"; };
		BE0163562CE8A8E1093DB6E3 /* Pods-SourceDemo.release.xcconfig */ = {isa = PBXFileReference; includeInIndex = 1; lastKnownFileType = text.xcconfig; name = "Pods-SourceDemo.release.xcconfig"; path = "Target Support Files/Pods-SourceDemo/Pods-SourceDemo.release.xcconfig"; sourceTree = "<group>"; };
		C5E481BAFE4F742E7AFA3E89 /* Pods-SourceDemo-SourceDemoUITests.release.xcconfig */ = {isa = PBXFileReference; includeInIndex = 1; lastKnownFileType = text.xcconfig; name = "Pods-SourceDemo-SourceDemoUITests.release.xcconfig"; path = "Target Support Files/Pods-SourceDemo-SourceDemoUITests/Pods-SourceDemo-SourceDemoUITests.release.xcconfig"; sourceTree = "<group>"; };
		C6B0CE7F1E2AB20FC279D8E5 /* Pods_SourceDemo.framework */ = {isa = PBXFileReference; explicitFileType = wrapper.framework; includeInIndex = 0; path = Pods_SourceDemo.framework; sourceTree = BUILT_PRODUCTS_DIR; };
		D98C0E5E2769D7CB003D448B /* SourceDemo.app */ = {isa = PBXFileReference; explicitFileType = wrapper.application; includeInIndex = 0; path = SourceDemo.app; sourceTree = BUILT_PRODUCTS_DIR; };
		D98C0E612769D7CB003D448B /* AppDelegate.h */ = {isa = PBXFileReference; lastKnownFileType = sourcecode.c.h; path = AppDelegate.h; sourceTree = "<group>"; };
		D98C0E622769D7CB003D448B /* AppDelegate.m */ = {isa = PBXFileReference; lastKnownFileType = sourcecode.c.objc; path = AppDelegate.m; sourceTree = "<group>"; };
		D98C0E642769D7CB003D448B /* SceneDelegate.h */ = {isa = PBXFileReference; lastKnownFileType = sourcecode.c.h; path = SceneDelegate.h; sourceTree = "<group>"; };
		D98C0E652769D7CB003D448B /* SceneDelegate.m */ = {isa = PBXFileReference; lastKnownFileType = sourcecode.c.objc; path = SceneDelegate.m; sourceTree = "<group>"; };
		D98C0E672769D7CB003D448B /* ViewController.h */ = {isa = PBXFileReference; lastKnownFileType = sourcecode.c.h; path = ViewController.h; sourceTree = "<group>"; };
		D98C0E682769D7CB003D448B /* ViewController.m */ = {isa = PBXFileReference; lastKnownFileType = sourcecode.c.objc; path = ViewController.m; sourceTree = "<group>"; };
		D98C0E6B2769D7CB003D448B /* Base */ = {isa = PBXFileReference; lastKnownFileType = file.storyboard; name = Base; path = Base.lproj/Main.storyboard; sourceTree = "<group>"; };
		D98C0E6D2769D7CD003D448B /* Assets.xcassets */ = {isa = PBXFileReference; lastKnownFileType = folder.assetcatalog; path = Assets.xcassets; sourceTree = "<group>"; };
		D98C0E702769D7CD003D448B /* Base */ = {isa = PBXFileReference; lastKnownFileType = file.storyboard; name = Base; path = Base.lproj/LaunchScreen.storyboard; sourceTree = "<group>"; };
		D98C0E722769D7CD003D448B /* Info.plist */ = {isa = PBXFileReference; lastKnownFileType = text.plist.xml; path = Info.plist; sourceTree = "<group>"; };
		D98C0E732769D7CD003D448B /* main.m */ = {isa = PBXFileReference; lastKnownFileType = sourcecode.c.objc; path = main.m; sourceTree = "<group>"; };
		D98C0E792769D7CE003D448B /* SourceDemoTests.xctest */ = {isa = PBXFileReference; explicitFileType = wrapper.cfbundle; includeInIndex = 0; path = SourceDemoTests.xctest; sourceTree = BUILT_PRODUCTS_DIR; };
		D98C0E7D2769D7CE003D448B /* SourceDemoTests.m */ = {isa = PBXFileReference; lastKnownFileType = sourcecode.c.objc; path = SourceDemoTests.m; sourceTree = "<group>"; };
		D98C0E832769D7CE003D448B /* SourceDemoUITests.xctest */ = {isa = PBXFileReference; explicitFileType = wrapper.cfbundle; includeInIndex = 0; path = SourceDemoUITests.xctest; sourceTree = BUILT_PRODUCTS_DIR; };
		D98C0E872769D7CE003D448B /* SourceDemoUITests.m */ = {isa = PBXFileReference; lastKnownFileType = sourcecode.c.objc; path = SourceDemoUITests.m; sourceTree = "<group>"; };
		D98C0E892769D7CE003D448B /* SourceDemoUITestsLaunchTests.m */ = {isa = PBXFileReference; lastKnownFileType = sourcecode.c.objc; path = SourceDemoUITestsLaunchTests.m; sourceTree = "<group>"; };
		D98C0EBA2769D8C9003D448B /* NetWork_USEER.framework */ = {isa = PBXFileReference; explicitFileType = wrapper.framework; path = NetWork_USEER.framework; sourceTree = BUILT_PRODUCTS_DIR; };
		DBE0B310040EA475762F87BB /* Pods_SourceDemoTests.framework */ = {isa = PBXFileReference; explicitFileType = wrapper.framework; includeInIndex = 0; path = Pods_SourceDemoTests.framework; sourceTree = BUILT_PRODUCTS_DIR; };
		E4808680009E85E0EC0A7719 /* Pods-SourceDemo.debug.xcconfig */ = {isa = PBXFileReference; includeInIndex = 1; lastKnownFileType = text.xcconfig; name = "Pods-SourceDemo.debug.xcconfig"; path = "Target Support Files/Pods-SourceDemo/Pods-SourceDemo.debug.xcconfig"; sourceTree = "<group>"; };
/* End PBXFileReference section */

/* Begin PBXFrameworksBuildPhase section */
		D98C0E5B2769D7CA003D448B /* Frameworks */ = {
			isa = PBXFrameworksBuildPhase;
			buildActionMask = 2147483647;
			files = (
				D98C0EBB2769D8C9003D448B /* NetWork_USEER.framework in Frameworks */,
				C12922819891F55E6FE6B24A /* Pods_SourceDemo.framework in Frameworks */,
			);
			runOnlyForDeploymentPostprocessing = 0;
		};
		D98C0E762769D7CE003D448B /* Frameworks */ = {
			isa = PBXFrameworksBuildPhase;
			buildActionMask = 2147483647;
			files = (
				9A35BDB8F388B06AB0DE6F03 /* Pods_SourceDemoTests.framework in Frameworks */,
			);
			runOnlyForDeploymentPostprocessing = 0;
		};
		D98C0E802769D7CE003D448B /* Frameworks */ = {
			isa = PBXFrameworksBuildPhase;
			buildActionMask = 2147483647;
			files = (
				B3307325C76969C3AF2B598D /* Pods_SourceDemo_SourceDemoUITests.framework in Frameworks */,
			);
			runOnlyForDeploymentPostprocessing = 0;
		};
/* End PBXFrameworksBuildPhase section */

/* Begin PBXGroup section */
		3C8B014595B5E6CC32BF1B83 /* Pods */ = {
			isa = PBXGroup;
			children = (
				E4808680009E85E0EC0A7719 /* Pods-SourceDemo.debug.xcconfig */,
				BE0163562CE8A8E1093DB6E3 /* Pods-SourceDemo.release.xcconfig */,
				B5F9F0B7B91908035E43C55B /* Pods-SourceDemo-SourceDemoUITests.debug.xcconfig */,
				C5E481BAFE4F742E7AFA3E89 /* Pods-SourceDemo-SourceDemoUITests.release.xcconfig */,
				4456959106B8AF2D4C91D577 /* Pods-SourceDemoTests.debug.xcconfig */,
				388DDBF53C5313FFEC38772B /* Pods-SourceDemoTests.release.xcconfig */,
			);
			path = Pods;
			sourceTree = "<group>";
		};
		CD78BBECE82F991160583AE4 /* Frameworks */ = {
			isa = PBXGroup;
			children = (
				D98C0EBA2769D8C9003D448B /* NetWork_USEER.framework */,
				C6B0CE7F1E2AB20FC279D8E5 /* Pods_SourceDemo.framework */,
				138F1A1AC6233901CE1EC636 /* Pods_SourceDemo_SourceDemoUITests.framework */,
				DBE0B310040EA475762F87BB /* Pods_SourceDemoTests.framework */,
			);
			name = Frameworks;
			sourceTree = "<group>";
		};
		D98C0E552769D7CA003D448B = {
			isa = PBXGroup;
			children = (
				D98C0E602769D7CB003D448B /* SourceDemo */,
				D98C0E7C2769D7CE003D448B /* SourceDemoTests */,
				D98C0E862769D7CE003D448B /* SourceDemoUITests */,
				D98C0E5F2769D7CB003D448B /* Products */,
				3C8B014595B5E6CC32BF1B83 /* Pods */,
				CD78BBECE82F991160583AE4 /* Frameworks */,
			);
			sourceTree = "<group>";
		};
		D98C0E5F2769D7CB003D448B /* Products */ = {
			isa = PBXGroup;
			children = (
				D98C0E5E2769D7CB003D448B /* SourceDemo.app */,
				D98C0E792769D7CE003D448B /* SourceDemoTests.xctest */,
				D98C0E832769D7CE003D448B /* SourceDemoUITests.xctest */,
			);
			name = Products;
			sourceTree = "<group>";
		};
		D98C0E602769D7CB003D448B /* SourceDemo */ = {
			isa = PBXGroup;
			children = (
				D98C0E612769D7CB003D448B /* AppDelegate.h */,
				D98C0E622769D7CB003D448B /* AppDelegate.m */,
				D98C0E642769D7CB003D448B /* SceneDelegate.h */,
				D98C0E652769D7CB003D448B /* SceneDelegate.m */,
				D98C0E672769D7CB003D448B /* ViewController.h */,
				D98C0E682769D7CB003D448B /* ViewController.m */,
				D98C0E6A2769D7CB003D448B /* Main.storyboard */,
				D98C0E6D2769D7CD003D448B /* Assets.xcassets */,
				D98C0E6F2769D7CD003D448B /* LaunchScreen.storyboard */,
				D98C0E722769D7CD003D448B /* Info.plist */,
				D98C0E732769D7CD003D448B /* main.m */,
			);
			path = SourceDemo;
			sourceTree = "<group>";
		};
		D98C0E7C2769D7CE003D448B /* SourceDemoTests */ = {
			isa = PBXGroup;
			children = (
				D98C0E7D2769D7CE003D448B /* SourceDemoTests.m */,
			);
			path = SourceDemoTests;
			sourceTree = "<group>";
		};
		D98C0E862769D7CE003D448B /* SourceDemoUITests */ = {
			isa = PBXGroup;
			children = (
				D98C0E872769D7CE003D448B /* SourceDemoUITests.m */,
				D98C0E892769D7CE003D448B /* SourceDemoUITestsLaunchTests.m */,
			);
			path = SourceDemoUITests;
			sourceTree = "<group>";
		};
/* End PBXGroup section */

/* Begin PBXNativeTarget section */
		D98C0E5D2769D7CA003D448B /* SourceDemo */ = {
			isa = PBXNativeTarget;
			buildConfigurationList = D98C0E8D2769D7CE003D448B /* Build configuration list for PBXNativeTarget "SourceDemo" */;
			buildPhases = (
				6D0512F1900114F4E8669D39 /* [CP] Check Pods Manifest.lock */,
				D98C0E5A2769D7CA003D448B /* Sources */,
				D98C0E5B2769D7CA003D448B /* Frameworks */,
				D98C0E5C2769D7CA003D448B /* Resources */,
				D98C0EBD2769D8C9003D448B /* Embed Frameworks */,
			);
			buildRules = (
			);
			dependencies = (
			);
			name = SourceDemo;
			productName = SourceDemo;
			productReference = D98C0E5E2769D7CB003D448B /* SourceDemo.app */;
			productType = "com.apple.product-type.application";
		};
		D98C0E782769D7CE003D448B /* SourceDemoTests */ = {
			isa = PBXNativeTarget;
			buildConfigurationList = D98C0E902769D7CE003D448B /* Build configuration list for PBXNativeTarget "SourceDemoTests" */;
			buildPhases = (
				5BA49ACE47BEB839C4E75B1C /* [CP] Check Pods Manifest.lock */,
				D98C0E752769D7CE003D448B /* Sources */,
				D98C0E762769D7CE003D448B /* Frameworks */,
				D98C0E772769D7CE003D448B /* Resources */,
			);
			buildRules = (
			);
			dependencies = (
				D98C0E7B2769D7CE003D448B /* PBXTargetDependency */,
			);
			name = SourceDemoTests;
			productName = SourceDemoTests;
			productReference = D98C0E792769D7CE003D448B /* SourceDemoTests.xctest */;
			productType = "com.apple.product-type.bundle.unit-test";
		};
		D98C0E822769D7CE003D448B /* SourceDemoUITests */ = {
			isa = PBXNativeTarget;
			buildConfigurationList = D98C0E932769D7CE003D448B /* Build configuration list for PBXNativeTarget "SourceDemoUITests" */;
			buildPhases = (
				89139252AD077C89A7DA6C03 /* [CP] Check Pods Manifest.lock */,
				D98C0E7F2769D7CE003D448B /* Sources */,
				D98C0E802769D7CE003D448B /* Frameworks */,
				D98C0E812769D7CE003D448B /* Resources */,
			);
			buildRules = (
			);
			dependencies = (
				D98C0E852769D7CE003D448B /* PBXTargetDependency */,
			);
			name = SourceDemoUITests;
			productName = SourceDemoUITests;
			productReference = D98C0E832769D7CE003D448B /* SourceDemoUITests.xctest */;
			productType = "com.apple.product-type.bundle.ui-testing";
		};
/* End PBXNativeTarget section */

/* Begin PBXProject section */
		D98C0E562769D7CA003D448B /* Project object */ = {
			isa = PBXProject;
			attributes = {
				BuildIndependentTargetsInParallel = 1;
				LastUpgradeCheck = 1310;
				TargetAttributes = {
					D98C0E5D2769D7CA003D448B = {
						CreatedOnToolsVersion = 13.1;
					};
					D98C0E782769D7CE003D448B = {
						CreatedOnToolsVersion = 13.1;
						TestTargetID = D98C0E5D2769D7CA003D448B;
					};
					D98C0E822769D7CE003D448B = {
						CreatedOnToolsVersion = 13.1;
						TestTargetID = D98C0E5D2769D7CA003D448B;
					};
				};
			};
			buildConfigurationList = D98C0E592769D7CA003D448B /* Build configuration list for PBXProject "SourceDemo" */;
			compatibilityVersion = "Xcode 13.0";
			developmentRegion = en;
			hasScannedForEncodings = 0;
			knownRegions = (
				en,
				Base,
			);
			mainGroup = D98C0E552769D7CA003D448B;
			productRefGroup = D98C0E5F2769D7CB003D448B /* Products */;
			projectDirPath = "";
			projectRoot = "";
			targets = (
				D98C0E5D2769D7CA003D448B /* SourceDemo */,
				D98C0E782769D7CE003D448B /* SourceDemoTests */,
				D98C0E822769D7CE003D448B /* SourceDemoUITests */,
			);
		};
/* End PBXProject section */

/* Begin PBXResourcesBuildPhase section */
		D98C0E5C2769D7CA003D448B /* Resources */ = {
			isa = PBXResourcesBuildPhase;
			buildActionMask = 2147483647;
			files = (
				D98C0E712769D7CD003D448B /* LaunchScreen.storyboard in Resources */,
				D98C0E6E2769D7CD003D448B /* Assets.xcassets in Resources */,
				D98C0E6C2769D7CB003D448B /* Main.storyboard in Resources */,
			);
			runOnlyForDeploymentPostprocessing = 0;
		};
		D98C0E772769D7CE003D448B /* Resources */ = {
			isa = PBXResourcesBuildPhase;
			buildActionMask = 2147483647;
			files = (
			);
			runOnlyForDeploymentPostprocessing = 0;
		};
		D98C0E812769D7CE003D448B /* Resources */ = {
			isa = PBXResourcesBuildPhase;
			buildActionMask = 2147483647;
			files = (
			);
			runOnlyForDeploymentPostprocessing = 0;
		};
/* End PBXResourcesBuildPhase section */

/* Begin PBXShellScriptBuildPhase section */
		5BA49ACE47BEB839C4E75B1C /* [CP] Check Pods Manifest.lock */ = {
			isa = PBXShellScriptBuildPhase;
			buildActionMask = 2147483647;
			files = (
			);
			inputFileListPaths = (
			);
			inputPaths = (
				"${PODS_PODFILE_DIR_PATH}/Podfile.lock",
				"${PODS_ROOT}/Manifest.lock",
			);
			name = "[CP] Check Pods Manifest.lock";
			outputFileListPaths = (
			);
			outputPaths = (
				"$(DERIVED_FILE_DIR)/Pods-SourceDemoTests-checkManifestLockResult.txt",
			);
			runOnlyForDeploymentPostprocessing = 0;
			shellPath = /bin/sh;
			shellScript = "diff \"${PODS_PODFILE_DIR_PATH}/Podfile.lock\" \"${PODS_ROOT}/Manifest.lock\" > /dev/null\nif [ $? != 0 ] ; then\n    # print error to STDERR\n    echo \"error: The sandbox is not in sync with the Podfile.lock. Run 'pod install' or update your CocoaPods installation.\" >&2\n    exit 1\nfi\n# This output is used by Xcode 'outputs' to avoid re-running this script phase.\necho \"SUCCESS\" > \"${SCRIPT_OUTPUT_FILE_0}\"\n";
			showEnvVarsInLog = 0;
		};
		6D0512F1900114F4E8669D39 /* [CP] Check Pods Manifest.lock */ = {
			isa = PBXShellScriptBuildPhase;
			buildActionMask = 2147483647;
			files = (
			);
			inputFileListPaths = (
			);
			inputPaths = (
				"${PODS_PODFILE_DIR_PATH}/Podfile.lock",
				"${PODS_ROOT}/Manifest.lock",
			);
			name = "[CP] Check Pods Manifest.lock";
			outputFileListPaths = (
			);
			outputPaths = (
				"$(DERIVED_FILE_DIR)/Pods-SourceDemo-checkManifestLockResult.txt",
			);
			runOnlyForDeploymentPostprocessing = 0;
			shellPath = /bin/sh;
			shellScript = "diff \"${PODS_PODFILE_DIR_PATH}/Podfile.lock\" \"${PODS_ROOT}/Manifest.lock\" > /dev/null\nif [ $? != 0 ] ; then\n    # print error to STDERR\n    echo \"error: The sandbox is not in sync with the Podfile.lock. Run 'pod install' or update your CocoaPods installation.\" >&2\n    exit 1\nfi\n# This output is used by Xcode 'outputs' to avoid re-running this script phase.\necho \"SUCCESS\" > \"${SCRIPT_OUTPUT_FILE_0}\"\n";
			showEnvVarsInLog = 0;
		};
		89139252AD077C89A7DA6C03 /* [CP] Check Pods Manifest.lock */ = {
			isa = PBXShellScriptBuildPhase;
			buildActionMask = 2147483647;
			files = (
			);
			inputFileListPaths = (
			);
			inputPaths = (
				"${PODS_PODFILE_DIR_PATH}/Podfile.lock",
				"${PODS_ROOT}/Manifest.lock",
			);
			name = "[CP] Check Pods Manifest.lock";
			outputFileListPaths = (
			);
			outputPaths = (
				"$(DERIVED_FILE_DIR)/Pods-SourceDemo-SourceDemoUITests-checkManifestLockResult.txt",
			);
			runOnlyForDeploymentPostprocessing = 0;
			shellPath = /bin/sh;
			shellScript = "diff \"${PODS_PODFILE_DIR_PATH}/Podfile.lock\" \"${PODS_ROOT}/Manifest.lock\" > /dev/null\nif [ $? != 0 ] ; then\n    # print error to STDERR\n    echo \"error: The sandbox is not in sync with the Podfile.lock. Run 'pod install' or update your CocoaPods installation.\" >&2\n    exit 1\nfi\n# This output is used by Xcode 'outputs' to avoid re-running this script phase.\necho \"SUCCESS\" > \"${SCRIPT_OUTPUT_FILE_0}\"\n";
			showEnvVarsInLog = 0;
		};
/* End PBXShellScriptBuildPhase section */

/* Begin PBXSourcesBuildPhase section */
		D98C0E5A2769D7CA003D448B /* Sources */ = {
			isa = PBXSourcesBuildPhase;
			buildActionMask = 2147483647;
			files = (
				D98C0E692769D7CB003D448B /* ViewController.m in Sources */,
				D98C0E632769D7CB003D448B /* AppDelegate.m in Sources */,
				D98C0E742769D7CD003D448B /* main.m in Sources */,
				D98C0E662769D7CB003D448B /* SceneDelegate.m in Sources */,
			);
			runOnlyForDeploymentPostprocessing = 0;
		};
		D98C0E752769D7CE003D448B /* Sources */ = {
			isa = PBXSourcesBuildPhase;
			buildActionMask = 2147483647;
			files = (
				D98C0E7E2769D7CE003D448B /* SourceDemoTests.m in Sources */,
			);
			runOnlyForDeploymentPostprocessing = 0;
		};
		D98C0E7F2769D7CE003D448B /* Sources */ = {
			isa = PBXSourcesBuildPhase;
			buildActionMask = 2147483647;
			files = (
				D98C0E8A2769D7CE003D448B /* SourceDemoUITestsLaunchTests.m in Sources */,
				D98C0E882769D7CE003D448B /* SourceDemoUITests.m in Sources */,
			);
			runOnlyForDeploymentPostprocessing = 0;
		};
/* End PBXSourcesBuildPhase section */

/* Begin PBXTargetDependency section */
		D98C0E7B2769D7CE003D448B /* PBXTargetDependency */ = {
			isa = PBXTargetDependency;
			target = D98C0E5D2769D7CA003D448B /* SourceDemo */;
			targetProxy = D98C0E7A2769D7CE003D448B /* PBXContainerItemProxy */;
		};
		D98C0E852769D7CE003D448B /* PBXTargetDependency */ = {
			isa = PBXTargetDependency;
			target = D98C0E5D2769D7CA003D448B /* SourceDemo */;
			targetProxy = D98C0E842769D7CE003D448B /* PBXContainerItemProxy */;
		};
/* End PBXTargetDependency section */

/* Begin PBXVariantGroup section */
		D98C0E6A2769D7CB003D448B /* Main.storyboard */ = {
			isa = PBXVariantGroup;
			children = (
				D98C0E6B2769D7CB003D448B /* Base */,
			);
			name = Main.storyboard;
			sourceTree = "<group>";
		};
		D98C0E6F2769D7CD003D448B /* LaunchScreen.storyboard */ = {
			isa = PBXVariantGroup;
			children = (
				D98C0E702769D7CD003D448B /* Base */,
			);
			name = LaunchScreen.storyboard;
			sourceTree = "<group>";
		};
/* End PBXVariantGroup section */

/* Begin XCBuildConfiguration section */
		D98C0E8B2769D7CE003D448B /* Debug */ = {
			isa = XCBuildConfiguration;
			buildSettings = {
				ALWAYS_SEARCH_USER_PATHS = NO;
				CLANG_ANALYZER_NONNULL = YES;
				CLANG_ANALYZER_NUMBER_OBJECT_CONVERSION = YES_AGGRESSIVE;
				CLANG_CXX_LANGUAGE_STANDARD = "gnu++17";
				CLANG_CXX_LIBRARY = "libc++";
				CLANG_ENABLE_MODULES = YES;
				CLANG_ENABLE_OBJC_ARC = YES;
				CLANG_ENABLE_OBJC_WEAK = YES;
				CLANG_WARN_BLOCK_CAPTURE_AUTORELEASING = YES;
				CLANG_WARN_BOOL_CONVERSION = YES;
				CLANG_WARN_COMMA = YES;
				CLANG_WARN_CONSTANT_CONVERSION = YES;
				CLANG_WARN_DEPRECATED_OBJC_IMPLEMENTATIONS = YES;
				CLANG_WARN_DIRECT_OBJC_ISA_USAGE = YES_ERROR;
				CLANG_WARN_DOCUMENTATION_COMMENTS = YES;
				CLANG_WARN_EMPTY_BODY = YES;
				CLANG_WARN_ENUM_CONVERSION = YES;
				CLANG_WARN_INFINITE_RECURSION = YES;
				CLANG_WARN_INT_CONVERSION = YES;
				CLANG_WARN_NON_LITERAL_NULL_CONVERSION = YES;
				CLANG_WARN_OBJC_IMPLICIT_RETAIN_SELF = YES;
				CLANG_WARN_OBJC_LITERAL_CONVERSION = YES;
				CLANG_WARN_OBJC_ROOT_CLASS = YES_ERROR;
				CLANG_WARN_QUOTED_INCLUDE_IN_FRAMEWORK_HEADER = YES;
				CLANG_WARN_RANGE_LOOP_ANALYSIS = YES;
				CLANG_WARN_STRICT_PROTOTYPES = YES;
				CLANG_WARN_SUSPICIOUS_MOVE = YES;
				CLANG_WARN_UNGUARDED_AVAILABILITY = YES_AGGRESSIVE;
				CLANG_WARN_UNREACHABLE_CODE = YES;
				CLANG_WARN__DUPLICATE_METHOD_MATCH = YES;
				COPY_PHASE_STRIP = NO;
				DEBUG_INFORMATION_FORMAT = dwarf;
				ENABLE_STRICT_OBJC_MSGSEND = YES;
				ENABLE_TESTABILITY = YES;
				GCC_C_LANGUAGE_STANDARD = gnu11;
				GCC_DYNAMIC_NO_PIC = NO;
				GCC_NO_COMMON_BLOCKS = YES;
				GCC_OPTIMIZATION_LEVEL = 0;
				GCC_PREPROCESSOR_DEFINITIONS = (
					"DEBUG=1",
					"$(inherited)",
				);
				GCC_WARN_64_TO_32_BIT_CONVERSION = YES;
				GCC_WARN_ABOUT_RETURN_TYPE = YES_ERROR;
				GCC_WARN_UNDECLARED_SELECTOR = YES;
				GCC_WARN_UNINITIALIZED_AUTOS = YES_AGGRESSIVE;
				GCC_WARN_UNUSED_FUNCTION = YES;
				GCC_WARN_UNUSED_VARIABLE = YES;
				IPHONEOS_DEPLOYMENT_TARGET = 15.0;
				MTL_ENABLE_DEBUG_INFO = INCLUDE_SOURCE;
				MTL_FAST_MATH = YES;
				ONLY_ACTIVE_ARCH = YES;
				SDKROOT = iphoneos;
			};
			name = Debug;
		};
		D98C0E8C2769D7CE003D448B /* Release */ = {
			isa = XCBuildConfiguration;
			buildSettings = {
				ALWAYS_SEARCH_USER_PATHS = NO;
				CLANG_ANALYZER_NONNULL = YES;
				CLANG_ANALYZER_NUMBER_OBJECT_CONVERSION = YES_AGGRESSIVE;
				CLANG_CXX_LANGUAGE_STANDARD = "gnu++17";
				CLANG_CXX_LIBRARY = "libc++";
				CLANG_ENABLE_MODULES = YES;
				CLANG_ENABLE_OBJC_ARC = YES;
				CLANG_ENABLE_OBJC_WEAK = YES;
				CLANG_WARN_BLOCK_CAPTURE_AUTORELEASING = YES;
				CLANG_WARN_BOOL_CONVERSION = YES;
				CLANG_WARN_COMMA = YES;
				CLANG_WARN_CONSTANT_CONVERSION = YES;
				CLANG_WARN_DEPRECATED_OBJC_IMPLEMENTATIONS = YES;
				CLANG_WARN_DIRECT_OBJC_ISA_USAGE = YES_ERROR;
				CLANG_WARN_DOCUMENTATION_COMMENTS = YES;
				CLANG_WARN_EMPTY_BODY = YES;
				CLANG_WARN_ENUM_CONVERSION = YES;
				CLANG_WARN_INFINITE_RECURSION = YES;
				CLANG_WARN_INT_CONVERSION = YES;
				CLANG_WARN_NON_LITERAL_NULL_CONVERSION = YES;
				CLANG_WARN_OBJC_IMPLICIT_RETAIN_SELF = YES;
				CLANG_WARN_OBJC_LITERAL_CONVERSION = YES;
				CLANG_WARN_OBJC_ROOT_CLASS = YES_ERROR;
				CLANG_WARN_QUOTED_INCLUDE_IN_FRAMEWORK_HEADER = YES;
				CLANG_WARN_RANGE_LOOP_ANALYSIS = YES;
				CLANG_WARN_STRICT_PROTOTYPES = YES;
				CLANG_WARN_SUSPICIOUS_MOVE = YES;
				CLANG_WARN_UNGUARDED_AVAILABILITY = YES_AGGRESSIVE;
				CLANG_WARN_UNREACHABLE_CODE = YES;
				CLANG_WARN__DUPLICATE_METHOD_MATCH = YES;
				COPY_PHASE_STRIP = NO;
				DEBUG_INFORMATION_FORMAT = "dwarf-with-dsym";
				ENABLE_NS_ASSERTIONS = NO;
				ENABLE_STRICT_OBJC_MSGSEND = YES;
				GCC_C_LANGUAGE_STANDARD = gnu11;
				GCC_NO_COMMON_BLOCKS = YES;
				GCC_WARN_64_TO_32_BIT_CONVERSION = YES;
				GCC_WARN_ABOUT_RETURN_TYPE = YES_ERROR;
				GCC_WARN_UNDECLARED_SELECTOR = YES;
				GCC_WARN_UNINITIALIZED_AUTOS = YES_AGGRESSIVE;
				GCC_WARN_UNUSED_FUNCTION = YES;
				GCC_WARN_UNUSED_VARIABLE = YES;
				IPHONEOS_DEPLOYMENT_TARGET = 15.0;
				MTL_ENABLE_DEBUG_INFO = NO;
				MTL_FAST_MATH = YES;
				SDKROOT = iphoneos;
				VALIDATE_PRODUCT = YES;
			};
			name = Release;
		};
		D98C0E8E2769D7CE003D448B /* Debug */ = {
			isa = XCBuildConfiguration;
			baseConfigurationReference = E4808680009E85E0EC0A7719 /* Pods-SourceDemo.debug.xcconfig */;
			buildSettings = {
				ASSETCATALOG_COMPILER_APPICON_NAME = AppIcon;
				ASSETCATALOG_COMPILER_GLOBAL_ACCENT_COLOR_NAME = AccentColor;
				CODE_SIGN_STYLE = Automatic;
				CURRENT_PROJECT_VERSION = 1;
				GENERATE_INFOPLIST_FILE = YES;
				INFOPLIST_FILE = SourceDemo/Info.plist;
				INFOPLIST_KEY_UIApplicationSupportsIndirectInputEvents = YES;
				INFOPLIST_KEY_UILaunchStoryboardName = LaunchScreen;
				INFOPLIST_KEY_UIMainStoryboardFile = Main;
				INFOPLIST_KEY_UISupportedInterfaceOrientations_iPad = "UIInterfaceOrientationPortrait UIInterfaceOrientationPortraitUpsideDown UIInterfaceOrientationLandscapeLeft UIInterfaceOrientationLandscapeRight";
				INFOPLIST_KEY_UISupportedInterfaceOrientations_iPhone = "UIInterfaceOrientationPortrait UIInterfaceOrientationLandscapeLeft UIInterfaceOrientationLandscapeRight";
				IPHONEOS_DEPLOYMENT_TARGET = 9.0;
				LD_RUNPATH_SEARCH_PATHS = (
					"$(inherited)",
					"@executable_path/Frameworks",
				);
				MARKETING_VERSION = 1.0;
				PRODUCT_BUNDLE_IDENTIFIER = com.ys.OkpRobot.cn.SourceDemo;
				PRODUCT_NAME = "$(TARGET_NAME)";
				SWIFT_EMIT_LOC_STRINGS = YES;
				TARGETED_DEVICE_FAMILY = "1,2";
			};
			name = Debug;
		};
		D98C0E8F2769D7CE003D448B /* Release */ = {
			isa = XCBuildConfiguration;
			baseConfigurationReference = BE0163562CE8A8E1093DB6E3 /* Pods-SourceDemo.release.xcconfig */;
			buildSettings = {
				ASSETCATALOG_COMPILER_APPICON_NAME = AppIcon;
				ASSETCATALOG_COMPILER_GLOBAL_ACCENT_COLOR_NAME = AccentColor;
				CODE_SIGN_STYLE = Automatic;
				CURRENT_PROJECT_VERSION = 1;
				GENERATE_INFOPLIST_FILE = YES;
				INFOPLIST_FILE = SourceDemo/Info.plist;
				INFOPLIST_KEY_UIApplicationSupportsIndirectInputEvents = YES;
				INFOPLIST_KEY_UILaunchStoryboardName = LaunchScreen;
				INFOPLIST_KEY_UIMainStoryboardFile = Main;
				INFOPLIST_KEY_UISupportedInterfaceOrientations_iPad = "UIInterfaceOrientationPortrait UIInterfaceOrientationPortraitUpsideDown UIInterfaceOrientationLandscapeLeft UIInterfaceOrientationLandscapeRight";
				INFOPLIST_KEY_UISupportedInterfaceOrientations_iPhone = "UIInterfaceOrientationPortrait UIInterfaceOrientationLandscapeLeft UIInterfaceOrientationLandscapeRight";
				IPHONEOS_DEPLOYMENT_TARGET = 9.0;
				LD_RUNPATH_SEARCH_PATHS = (
					"$(inherited)",
					"@executable_path/Frameworks",
				);
				MARKETING_VERSION = 1.0;
				PRODUCT_BUNDLE_IDENTIFIER = com.ys.OkpRobot.cn.SourceDemo;
				PRODUCT_NAME = "$(TARGET_NAME)";
				SWIFT_EMIT_LOC_STRINGS = YES;
				TARGETED_DEVICE_FAMILY = "1,2";
			};
			name = Release;
		};
		D98C0E912769D7CE003D448B /* Debug */ = {
			isa = XCBuildConfiguration;
			baseConfigurationReference = 4456959106B8AF2D4C91D577 /* Pods-SourceDemoTests.debug.xcconfig */;
			buildSettings = {
				BUNDLE_LOADER = "$(TEST_HOST)";
				CODE_SIGN_STYLE = Automatic;
				CURRENT_PROJECT_VERSION = 1;
				GENERATE_INFOPLIST_FILE = YES;
				IPHONEOS_DEPLOYMENT_TARGET = 15.0;
				LD_RUNPATH_SEARCH_PATHS = (
					"$(inherited)",
					"@executable_path/Frameworks",
					"@loader_path/Frameworks",
				);
				MARKETING_VERSION = 1.0;
				PRODUCT_BUNDLE_IDENTIFIER = com.ys.OkpRobot.cn.SourceDemoTests;
				PRODUCT_NAME = "$(TARGET_NAME)";
				SWIFT_EMIT_LOC_STRINGS = NO;
				TARGETED_DEVICE_FAMILY = "1,2";
				TEST_HOST = "$(BUILT_PRODUCTS_DIR)/SourceDemo.app/SourceDemo";
			};
			name = Debug;
		};
		D98C0E922769D7CE003D448B /* Release */ = {
			isa = XCBuildConfiguration;
			baseConfigurationReference = 388DDBF53C5313FFEC38772B /* Pods-SourceDemoTests.release.xcconfig */;
			buildSettings = {
				BUNDLE_LOADER = "$(TEST_HOST)";
				CODE_SIGN_STYLE = Automatic;
				CURRENT_PROJECT_VERSION = 1;
				GENERATE_INFOPLIST_FILE = YES;
				IPHONEOS_DEPLOYMENT_TARGET = 15.0;
				LD_RUNPATH_SEARCH_PATHS = (
					"$(inherited)",
					"@executable_path/Frameworks",
					"@loader_path/Frameworks",
				);
				MARKETING_VERSION = 1.0;
				PRODUCT_BUNDLE_IDENTIFIER = com.ys.OkpRobot.cn.SourceDemoTests;
				PRODUCT_NAME = "$(TARGET_NAME)";
				SWIFT_EMIT_LOC_STRINGS = NO;
				TARGETED_DEVICE_FAMILY = "1,2";
				TEST_HOST = "$(BUILT_PRODUCTS_DIR)/SourceDemo.app/SourceDemo";
			};
			name = Release;
		};
		D98C0E942769D7CE003D448B /* Debug */ = {
			isa = XCBuildConfiguration;
			baseConfigurationReference = B5F9F0B7B91908035E43C55B /* Pods-SourceDemo-SourceDemoUITests.debug.xcconfig */;
			buildSettings = {
				CODE_SIGN_STYLE = Automatic;
				CURRENT_PROJECT_VERSION = 1;
				GENERATE_INFOPLIST_FILE = YES;
				LD_RUNPATH_SEARCH_PATHS = (
					"$(inherited)",
					"@executable_path/Frameworks",
					"@loader_path/Frameworks",
				);
				MARKETING_VERSION = 1.0;
				PRODUCT_BUNDLE_IDENTIFIER = com.ys.OkpRobot.cn.SourceDemoUITests;
				PRODUCT_NAME = "$(TARGET_NAME)";
				SWIFT_EMIT_LOC_STRINGS = NO;
				TARGETED_DEVICE_FAMILY = "1,2";
				TEST_TARGET_NAME = SourceDemo;
			};
			name = Debug;
		};
		D98C0E952769D7CE003D448B /* Release */ = {
			isa = XCBuildConfiguration;
			baseConfigurationReference = C5E481BAFE4F742E7AFA3E89 /* Pods-SourceDemo-SourceDemoUITests.release.xcconfig */;
			buildSettings = {
				CODE_SIGN_STYLE = Automatic;
				CURRENT_PROJECT_VERSION = 1;
				GENERATE_INFOPLIST_FILE = YES;
				LD_RUNPATH_SEARCH_PATHS = (
					"$(inherited)",
					"@executable_path/Frameworks",
					"@loader_path/Frameworks",
				);
				MARKETING_VERSION = 1.0;
				PRODUCT_BUNDLE_IDENTIFIER = com.ys.OkpRobot.cn.SourceDemoUITests;
				PRODUCT_NAME = "$(TARGET_NAME)";
				SWIFT_EMIT_LOC_STRINGS = NO;
				TARGETED_DEVICE_FAMILY = "1,2";
				TEST_TARGET_NAME = SourceDemo;
			};
			name = Release;
		};
/* End XCBuildConfiguration section */

/* Begin XCConfigurationList section */
		D98C0E592769D7CA003D448B /* Build configuration list for PBXProject "SourceDemo" */ = {
			isa = XCConfigurationList;
			buildConfigurations = (
				D98C0E8B2769D7CE003D448B /* Debug */,
				D98C0E8C2769D7CE003D448B /* Release */,
			);
			defaultConfigurationIsVisible = 0;
			defaultConfigurationName = Release;
		};
		D98C0E8D2769D7CE003D448B /* Build configuration list for PBXNativeTarget "SourceDemo" */ = {
			isa = XCConfigurationList;
			buildConfigurations = (
				D98C0E8E2769D7CE003D448B /* Debug */,
				D98C0E8F2769D7CE003D448B /* Release */,
			);
			defaultConfigurationIsVisible = 0;
			defaultConfigurationName = Release;
		};
		D98C0E902769D7CE003D448B /* Build configuration list for PBXNativeTarget "SourceDemoTests" */ = {
			isa = XCConfigurationList;
			buildConfigurations = (
				D98C0E912769D7CE003D448B /* Debug */,
				D98C0E922769D7CE003D448B /* Release */,
			);
			defaultConfigurationIsVisible = 0;
			defaultConfigurationName = Release;
		};
		D98C0E932769D7CE003D448B /* Build configuration list for PBXNativeTarget "SourceDemoUITests" */ = {
			isa = XCConfigurationList;
			buildConfigurations = (
				D98C0E942769D7CE003D448B /* Debug */,
				D98C0E952769D7CE003D448B /* Release */,
			);
			defaultConfigurationIsVisible = 0;
			defaultConfigurationName = Release;
		};
/* End XCConfigurationList section */
	};
	rootObject = D98C0E562769D7CA003D448B /* Project object */;
}
